# This file is automatically @generated by Poetry 1.7.0 and should not be changed by hand.

[[package]]
name = "appdirs"
version = "1.4.4"
description = "A small Python module for determining appropriate platform-specific dirs, e.g. a \"user data dir\"."
optional = false
python-versions = "*"
files = [
    {file = "appdirs-1.4.4-py2.py3-none-any.whl", hash = "sha256:a841dacd6b99318a741b166adb07e19ee71a274450e68237b4650ca1055ab128"},
    {file = "appdirs-1.4.4.tar.gz", hash = "sha256:7d5d0167b2b1ba821647616af46a749d1c653740dd0d2415100fe26e27afdf41"},
]

[[package]]
name = "atomicwrites"
version = "1.4.1"
description = "Atomic file writes."
optional = false
python-versions = ">=2.7, !=3.0.*, !=3.1.*, !=3.2.*, !=3.3.*"
files = [
    {file = "atomicwrites-1.4.1.tar.gz", hash = "sha256:81b2c9071a49367a7f770170e5eec8cb66567cfbbc8c73d20ce5ca4a8d71cf11"},
]

[[package]]
name = "attrs"
version = "23.1.0"
description = "Classes Without Boilerplate"
optional = false
python-versions = ">=3.7"
files = [
    {file = "attrs-23.1.0-py3-none-any.whl", hash = "sha256:1f28b4522cdc2fb4256ac1a020c78acf9cba2c6b461ccd2c126f3aa8e8335d04"},
    {file = "attrs-23.1.0.tar.gz", hash = "sha256:6279836d581513a26f1bf235f9acd333bc9115683f14f7e8fae46c98fc50e015"},
]

[package.dependencies]
importlib-metadata = {version = "*", markers = "python_version < \"3.8\""}

[package.extras]
cov = ["attrs[tests]", "coverage[toml] (>=5.3)"]
dev = ["attrs[docs,tests]", "pre-commit"]
docs = ["furo", "myst-parser", "sphinx", "sphinx-notfound-page", "sphinxcontrib-towncrier", "towncrier", "zope-interface"]
tests = ["attrs[tests-no-zope]", "zope-interface"]
tests-no-zope = ["cloudpickle", "hypothesis", "mypy (>=1.1.1)", "pympler", "pytest (>=4.3.0)", "pytest-mypy-plugins", "pytest-xdist[psutil]"]

[[package]]
name = "black"
version = "21.5b0"
description = "The uncompromising code formatter."
optional = false
python-versions = ">=3.6.2"
files = [
    {file = "black-21.5b0-py3-none-any.whl", hash = "sha256:0e80435b8a88f383c9149ae89d671eb2095b72344b0fe8a1d61d2ff5110ed173"},
    {file = "black-21.5b0.tar.gz", hash = "sha256:9dc2042018ca10735366d944c2c12d9cad6dec74a3d5f679d09384ea185d9943"},
]

[package.dependencies]
appdirs = "*"
click = ">=7.1.2"
mypy-extensions = ">=0.4.3"
pathspec = ">=0.8.1,<1"
regex = ">=2020.1.8"
toml = ">=0.10.1"
typed-ast = {version = ">=1.4.2", markers = "python_version < \"3.8\""}
typing-extensions = {version = ">=3.7.4", markers = "python_version < \"3.8\""}

[package.extras]
colorama = ["colorama (>=0.4.3)"]
d = ["aiohttp (>=3.3.2)", "aiohttp-cors"]
python2 = ["typed-ast (>=1.4.2)"]

[[package]]
name = "click"
version = "8.1.7"
description = "Composable command line interface toolkit"
optional = false
python-versions = ">=3.7"
files = [
    {file = "click-8.1.7-py3-none-any.whl", hash = "sha256:ae74fb96c20a0277a1d615f1e4d73c8414f5a98db8b799a7931d1582f3390c28"},
    {file = "click-8.1.7.tar.gz", hash = "sha256:ca9853ad459e787e2192211578cc907e7594e294c7ccc834310722b41b9ca6de"},
]

[package.dependencies]
colorama = {version = "*", markers = "platform_system == \"Windows\""}
importlib-metadata = {version = "*", markers = "python_version < \"3.8\""}

[[package]]
name = "colorama"
version = "0.4.6"
description = "Cross-platform colored terminal text."
optional = false
python-versions = "!=3.0.*,!=3.1.*,!=3.2.*,!=3.3.*,!=3.4.*,!=3.5.*,!=3.6.*,>=2.7"
files = [
    {file = "colorama-0.4.6-py2.py3-none-any.whl", hash = "sha256:4f1d9991f5acc0ca119f9d443620b77f9d6b33703e51011c16baf57afb285fc6"},
    {file = "colorama-0.4.6.tar.gz", hash = "sha256:08695f5cb7ed6e0531a20572697297273c47b8cae5a63ffc6d6ed5c201be6e44"},
]

[[package]]
name = "execnet"
version = "2.0.2"
description = "execnet: rapid multi-Python deployment"
optional = false
python-versions = ">=3.7"
files = [
    {file = "execnet-2.0.2-py3-none-any.whl", hash = "sha256:88256416ae766bc9e8895c76a87928c0012183da3cc4fc18016e6f050e025f41"},
    {file = "execnet-2.0.2.tar.gz", hash = "sha256:cc59bc4423742fd71ad227122eb0dd44db51efb3dc4095b45ac9a08c770096af"},
]

[package.extras]
testing = ["hatch", "pre-commit", "pytest", "tox"]

[[package]]
name = "flake8"
version = "3.9.2"
description = "the modular source code checker: pep8 pyflakes and co"
optional = false
python-versions = "!=3.0.*,!=3.1.*,!=3.2.*,!=3.3.*,!=3.4.*,>=2.7"
files = [
    {file = "flake8-3.9.2-py2.py3-none-any.whl", hash = "sha256:bf8fd333346d844f616e8d47905ef3a3384edae6b4e9beb0c5101e25e3110907"},
    {file = "flake8-3.9.2.tar.gz", hash = "sha256:07528381786f2a6237b061f6e96610a4167b226cb926e2aa2b6b1d78057c576b"},
]

[package.dependencies]
importlib-metadata = {version = "*", markers = "python_version < \"3.8\""}
mccabe = ">=0.6.0,<0.7.0"
pycodestyle = ">=2.7.0,<2.8.0"
pyflakes = ">=2.3.0,<2.4.0"

[[package]]
name = "flake8-bugbear"
version = "21.11.29"
description = "A plugin for flake8 finding likely bugs and design problems in your program. Contains warnings that don't belong in pyflakes and pycodestyle."
optional = false
python-versions = ">=3.6"
files = [
    {file = "flake8-bugbear-21.11.29.tar.gz", hash = "sha256:8b04cb2fafc6a78e1a9d873bd3988e4282f7959bb6b0d7c1ae648ec09b937a7b"},
    {file = "flake8_bugbear-21.11.29-py36.py37.py38-none-any.whl", hash = "sha256:179e41ddae5de5e3c20d1f61736feeb234e70958fbb56ab3c28a67739c8e9a82"},
]

[package.dependencies]
attrs = ">=19.2.0"
flake8 = ">=3.0.0"

[package.extras]
dev = ["coverage", "hypothesis", "hypothesmith (>=0.2)", "pre-commit"]

[[package]]
name = "flake8-comprehensions"
version = "3.13.0"
description = "A flake8 plugin to help you write better list/set/dict comprehensions."
optional = false
python-versions = ">=3.7"
files = [
    {file = "flake8_comprehensions-3.13.0-py3-none-any.whl", hash = "sha256:cc0d6dbb336ff4e9cdf4eb605a3f719ea59261f2d6ba52034871a173c40e1f60"},
    {file = "flake8_comprehensions-3.13.0.tar.gz", hash = "sha256:83cf98e816c9e23360f36aaf47de59a5b21437fdff8a056c46e2ad49f81861bf"},
]

[package.dependencies]
flake8 = ">=3.0,<3.2.0 || >3.2.0"
importlib-metadata = {version = "*", markers = "python_version < \"3.8\""}

[[package]]
name = "flake8-polyfill"
version = "1.0.2"
description = "Polyfill package for Flake8 plugins"
optional = false
python-versions = "*"
files = [
    {file = "flake8-polyfill-1.0.2.tar.gz", hash = "sha256:e44b087597f6da52ec6393a709e7108b2905317d0c0b744cdca6208e670d8eda"},
    {file = "flake8_polyfill-1.0.2-py2.py3-none-any.whl", hash = "sha256:12be6a34ee3ab795b19ca73505e7b55826d5f6ad7230d31b18e106400169b9e9"},
]

[package.dependencies]
flake8 = "*"

[[package]]
name = "importlib-metadata"
version = "6.7.0"
description = "Read metadata from Python packages"
optional = false
python-versions = ">=3.7"
files = [
    {file = "importlib_metadata-6.7.0-py3-none-any.whl", hash = "sha256:cb52082e659e97afc5dac71e79de97d8681de3aa07ff18578330904a9d18e5b5"},
    {file = "importlib_metadata-6.7.0.tar.gz", hash = "sha256:1aaf550d4f73e5d6783e7acb77aec43d49da8017410afae93822cc9cca98c4d4"},
]

[package.dependencies]
typing-extensions = {version = ">=3.6.4", markers = "python_version < \"3.8\""}
zipp = ">=0.5"

[package.extras]
docs = ["furo", "jaraco.packaging (>=9)", "jaraco.tidelift (>=1.4)", "rst.linker (>=1.9)", "sphinx (>=3.5)", "sphinx-lint"]
perf = ["ipython"]
testing = ["flufl.flake8", "importlib-resources (>=1.3)", "packaging", "pyfakefs", "pytest (>=6)", "pytest-black (>=0.3.7)", "pytest-checkdocs (>=2.4)", "pytest-cov", "pytest-enabler (>=1.3)", "pytest-mypy (>=0.9.1)", "pytest-perf (>=0.9.2)", "pytest-ruff"]

[[package]]
name = "iniconfig"
version = "2.0.0"
description = "brain-dead simple config-ini parsing"
optional = false
python-versions = ">=3.7"
files = [
    {file = "iniconfig-2.0.0-py3-none-any.whl", hash = "sha256:b6a85871a79d2e3b22d2d1b94ac2824226a63c6b741c88f7ae975f18b6778374"},
    {file = "iniconfig-2.0.0.tar.gz", hash = "sha256:2d91e135bf72d31a410b17c16da610a82cb55f6b0477d1a902134b24a455b8b3"},
]

[[package]]
name = "invoke"
version = "2.2.0"
description = "Pythonic task execution"
optional = false
python-versions = ">=3.6"
files = [
    {file = "invoke-2.2.0-py3-none-any.whl", hash = "sha256:6ea924cc53d4f78e3d98bc436b08069a03077e6f85ad1ddaa8a116d7dad15820"},
    {file = "invoke-2.2.0.tar.gz", hash = "sha256:ee6cbb101af1a859c7fe84f2a264c059020b0cb7fe3535f9424300ab568f6bd5"},
]

[[package]]
name = "isort"
version = "5.11.5"
description = "A Python utility / library to sort Python imports."
optional = false
python-versions = ">=3.7.0"
files = [
    {file = "isort-5.11.5-py3-none-any.whl", hash = "sha256:ba1d72fb2595a01c7895a5128f9585a5cc4b6d395f1c8d514989b9a7eb2a8746"},
    {file = "isort-5.11.5.tar.gz", hash = "sha256:6be1f76a507cb2ecf16c7cf14a37e41609ca082330be4e3436a18ef74add55db"},
]

[package.extras]
colors = ["colorama (>=0.4.3,<0.5.0)"]
pipfile-deprecated-finder = ["pip-shims (>=0.5.2)", "pipreqs", "requirementslib"]
plugins = ["setuptools"]
requirements-deprecated-finder = ["pip-api", "pipreqs"]

[[package]]
name = "kdl-py"
version = "1.1.6"
description = "A parser for the KDL language."
optional = false
python-versions = ">=3.7"
files = [
    {file = "kdl-py-1.1.6.tar.gz", hash = "sha256:5a915620ab12864a9c94ba1d73f3a0728498eb165dd6adfbeea95569f65cbb2c"},
    {file = "kdl_py-1.1.6-py3-none-any.whl", hash = "sha256:93ccb3f0e833fad3f02f65cbd262ce2f96ed84643be63f07a325cc257bc40dcc"},
]

[[package]]
name = "mccabe"
version = "0.6.1"
description = "McCabe checker, plugin for flake8"
optional = false
python-versions = "*"
files = [
    {file = "mccabe-0.6.1-py2.py3-none-any.whl", hash = "sha256:ab8a6258860da4b6677da4bd2fe5dc2c659cff31b3ee4f7f5d64e79735b80d42"},
    {file = "mccabe-0.6.1.tar.gz", hash = "sha256:dd8d182285a0fe56bace7f45b5e7d1a6ebcbf524e8f3bd87eb0f125271b8831f"},
]

[[package]]
name = "mypy"
version = "0.910"
description = "Optional static typing for Python"
optional = false
python-versions = ">=3.5"
files = [
    {file = "mypy-0.910-cp35-cp35m-macosx_10_9_x86_64.whl", hash = "sha256:a155d80ea6cee511a3694b108c4494a39f42de11ee4e61e72bc424c490e46457"},
    {file = "mypy-0.910-cp35-cp35m-manylinux1_x86_64.whl", hash = "sha256:b94e4b785e304a04ea0828759172a15add27088520dc7e49ceade7834275bedb"},
    {file = "mypy-0.910-cp35-cp35m-manylinux2010_x86_64.whl", hash = "sha256:088cd9c7904b4ad80bec811053272986611b84221835e079be5bcad029e79dd9"},
    {file = "mypy-0.910-cp35-cp35m-win_amd64.whl", hash = "sha256:adaeee09bfde366d2c13fe6093a7df5df83c9a2ba98638c7d76b010694db760e"},
    {file = "mypy-0.910-cp36-cp36m-macosx_10_9_x86_64.whl", hash = "sha256:ecd2c3fe726758037234c93df7e98deb257fd15c24c9180dacf1ef829da5f921"},
    {file = "mypy-0.910-cp36-cp36m-manylinux1_x86_64.whl", hash = "sha256:d9dd839eb0dc1bbe866a288ba3c1afc33a202015d2ad83b31e875b5905a079b6"},
    {file = "mypy-0.910-cp36-cp36m-manylinux2010_x86_64.whl", hash = "sha256:3e382b29f8e0ccf19a2df2b29a167591245df90c0b5a2542249873b5c1d78212"},
    {file = "mypy-0.910-cp36-cp36m-win_amd64.whl", hash = "sha256:53fd2eb27a8ee2892614370896956af2ff61254c275aaee4c230ae771cadd885"},
    {file = "mypy-0.910-cp37-cp37m-macosx_10_9_x86_64.whl", hash = "sha256:b6fb13123aeef4a3abbcfd7e71773ff3ff1526a7d3dc538f3929a49b42be03f0"},
    {file = "mypy-0.910-cp37-cp37m-manylinux1_x86_64.whl", hash = "sha256:e4dab234478e3bd3ce83bac4193b2ecd9cf94e720ddd95ce69840273bf44f6de"},
    {file = "mypy-0.910-cp37-cp37m-manylinux2010_x86_64.whl", hash = "sha256:7df1ead20c81371ccd6091fa3e2878559b5c4d4caadaf1a484cf88d93ca06703"},
    {file = "mypy-0.910-cp37-cp37m-win_amd64.whl", hash = "sha256:0aadfb2d3935988ec3815952e44058a3100499f5be5b28c34ac9d79f002a4a9a"},
    {file = "mypy-0.910-cp38-cp38-macosx_10_9_x86_64.whl", hash = "sha256:ec4e0cd079db280b6bdabdc807047ff3e199f334050db5cbb91ba3e959a67504"},
    {file = "mypy-0.910-cp38-cp38-manylinux1_x86_64.whl", hash = "sha256:119bed3832d961f3a880787bf621634ba042cb8dc850a7429f643508eeac97b9"},
    {file = "mypy-0.910-cp38-cp38-manylinux2010_x86_64.whl", hash = "sha256:866c41f28cee548475f146aa4d39a51cf3b6a84246969f3759cb3e9c742fc072"},
    {file = "mypy-0.910-cp38-cp38-win_amd64.whl", hash = "sha256:ceb6e0a6e27fb364fb3853389607cf7eb3a126ad335790fa1e14ed02fba50811"},
    {file = "mypy-0.910-cp39-cp39-macosx_10_9_x86_64.whl", hash = "sha256:1a85e280d4d217150ce8cb1a6dddffd14e753a4e0c3cf90baabb32cefa41b59e"},
    {file = "mypy-0.910-cp39-cp39-macosx_11_0_arm64.whl", hash = "sha256:42c266ced41b65ed40a282c575705325fa7991af370036d3f134518336636f5b"},
    {file = "mypy-0.910-cp39-cp39-manylinux1_x86_64.whl", hash = "sha256:3c4b8ca36877fc75339253721f69603a9c7fdb5d4d5a95a1a1b899d8b86a4de2"},
    {file = "mypy-0.910-cp39-cp39-manylinux2010_x86_64.whl", hash = "sha256:c0df2d30ed496a08de5daed2a9ea807d07c21ae0ab23acf541ab88c24b26ab97"},
    {file = "mypy-0.910-cp39-cp39-win_amd64.whl", hash = "sha256:c6c2602dffb74867498f86e6129fd52a2770c48b7cd3ece77ada4fa38f94eba8"},
    {file = "mypy-0.910-py3-none-any.whl", hash = "sha256:ef565033fa5a958e62796867b1df10c40263ea9ded87164d67572834e57a174d"},
    {file = "mypy-0.910.tar.gz", hash = "sha256:704098302473cb31a218f1775a873b376b30b4c18229421e9e9dc8916fd16150"},
]

[package.dependencies]
mypy-extensions = ">=0.4.3,<0.5.0"
toml = "*"
typed-ast = {version = ">=1.4.0,<1.5.0", markers = "python_version < \"3.8\""}
typing-extensions = ">=3.7.4"

[package.extras]
dmypy = ["psutil (>=4.0)"]
python2 = ["typed-ast (>=1.4.0,<1.5.0)"]

[[package]]
name = "mypy-extensions"
version = "0.4.4"
description = "Experimental type system extensions for programs checked with the mypy typechecker."
optional = false
python-versions = ">=2.7"
files = [
    {file = "mypy_extensions-0.4.4.tar.gz", hash = "sha256:c8b707883a96efe9b4bb3aaf0dcc07e7e217d7d8368eec4db4049ee9e142f4fd"},
]

[[package]]
name = "packaging"
version = "23.2"
description = "Core utilities for Python packages"
optional = false
python-versions = ">=3.7"
files = [
    {file = "packaging-23.2-py3-none-any.whl", hash = "sha256:8c491190033a9af7e1d931d0b5dacc2ef47509b34dd0de67ed209b5203fc88c7"},
    {file = "packaging-23.2.tar.gz", hash = "sha256:048fb0e9405036518eaaf48a55953c750c11e1a1b68e0dd1a9d62ed0c092cfc5"},
]

[[package]]
name = "pathspec"
version = "0.11.2"
description = "Utility library for gitignore style pattern matching of file paths."
optional = false
python-versions = ">=3.7"
files = [
    {file = "pathspec-0.11.2-py3-none-any.whl", hash = "sha256:1d6ed233af05e679efb96b1851550ea95bbb64b7c490b0f5aa52996c11e92a20"},
    {file = "pathspec-0.11.2.tar.gz", hash = "sha256:e0d8d0ac2f12da61956eb2306b69f9469b42f4deb0f3cb6ed47b9cce9996ced3"},
]

[[package]]
name = "pep8-naming"
version = "0.11.1"
description = "Check PEP-8 naming conventions, plugin for flake8"
optional = false
python-versions = "*"
files = [
    {file = "pep8-naming-0.11.1.tar.gz", hash = "sha256:a1dd47dd243adfe8a83616e27cf03164960b507530f155db94e10b36a6cd6724"},
    {file = "pep8_naming-0.11.1-py2.py3-none-any.whl", hash = "sha256:f43bfe3eea7e0d73e8b5d07d6407ab47f2476ccaeff6937c84275cd30b016738"},
]

[package.dependencies]
flake8-polyfill = ">=1.0.2,<2"

[[package]]
name = "pluggy"
version = "1.2.0"
description = "plugin and hook calling mechanisms for python"
optional = false
python-versions = ">=3.7"
files = [
    {file = "pluggy-1.2.0-py3-none-any.whl", hash = "sha256:c2fd55a7d7a3863cba1a013e4e2414658b1d07b6bc57b3919e0c63c9abb99849"},
    {file = "pluggy-1.2.0.tar.gz", hash = "sha256:d12f0c4b579b15f5e054301bb226ee85eeeba08ffec228092f8defbaa3a4c4b3"},
]

[package.dependencies]
importlib-metadata = {version = ">=0.12", markers = "python_version < \"3.8\""}

[package.extras]
dev = ["pre-commit", "tox"]
testing = ["pytest", "pytest-benchmark"]

[[package]]
name = "py"
version = "1.11.0"
description = "library with cross-python path, ini-parsing, io, code, log facilities"
optional = false
python-versions = ">=2.7, !=3.0.*, !=3.1.*, !=3.2.*, !=3.3.*, !=3.4.*"
files = [
    {file = "py-1.11.0-py2.py3-none-any.whl", hash = "sha256:607c53218732647dff4acdfcd50cb62615cedf612e72d1724fb1a0cc6405b378"},
    {file = "py-1.11.0.tar.gz", hash = "sha256:51c75c4126074b472f746a24399ad32f6053d1b34b68d2fa41e558e6f4a98719"},
]

[[package]]
name = "pycodestyle"
version = "2.7.0"
description = "Python style guide checker"
optional = false
python-versions = ">=2.7, !=3.0.*, !=3.1.*, !=3.2.*, !=3.3.*"
files = [
    {file = "pycodestyle-2.7.0-py2.py3-none-any.whl", hash = "sha256:514f76d918fcc0b55c6680472f0a37970994e07bbb80725808c17089be302068"},
    {file = "pycodestyle-2.7.0.tar.gz", hash = "sha256:c389c1d06bf7904078ca03399a4816f974a1d590090fecea0c63ec26ebaf1cef"},
]

[[package]]
name = "pyflakes"
version = "2.3.1"
description = "passive checker of Python programs"
optional = false
python-versions = ">=2.7, !=3.0.*, !=3.1.*, !=3.2.*, !=3.3.*"
files = [
    {file = "pyflakes-2.3.1-py2.py3-none-any.whl", hash = "sha256:7893783d01b8a89811dd72d7dfd4d84ff098e5eed95cfa8905b22bbffe52efc3"},
    {file = "pyflakes-2.3.1.tar.gz", hash = "sha256:f5bc8ecabc05bb9d291eb5203d6810b49040f6ff446a756326104746cc00c1db"},
]

[[package]]
name = "pytest"
version = "6.2.5"
description = "pytest: simple powerful testing with Python"
optional = false
python-versions = ">=3.6"
files = [
    {file = "pytest-6.2.5-py3-none-any.whl", hash = "sha256:7310f8d27bc79ced999e760ca304d69f6ba6c6649c0b60fb0e04a4a77cacc134"},
    {file = "pytest-6.2.5.tar.gz", hash = "sha256:131b36680866a76e6781d13f101efb86cf674ebb9762eb70d3082b6f29889e89"},
]

[package.dependencies]
atomicwrites = {version = ">=1.0", markers = "sys_platform == \"win32\""}
attrs = ">=19.2.0"
colorama = {version = "*", markers = "sys_platform == \"win32\""}
importlib-metadata = {version = ">=0.12", markers = "python_version < \"3.8\""}
iniconfig = "*"
packaging = "*"
pluggy = ">=0.12,<2.0"
py = ">=1.8.2"
toml = "*"

[package.extras]
testing = ["argcomplete", "hypothesis (>=3.56)", "mock", "nose", "requests", "xmlschema"]

[[package]]
name = "pytest-forked"
version = "1.6.0"
description = "run tests in isolated forked subprocesses"
optional = false
python-versions = ">=3.7"
files = [
    {file = "pytest-forked-1.6.0.tar.gz", hash = "sha256:4dafd46a9a600f65d822b8f605133ecf5b3e1941ebb3588e943b4e3eb71a5a3f"},
    {file = "pytest_forked-1.6.0-py3-none-any.whl", hash = "sha256:810958f66a91afb1a1e2ae83089d8dc1cd2437ac96b12963042fbb9fb4d16af0"},
]

[package.dependencies]
py = "*"
pytest = ">=3.10"

[[package]]
name = "pytest-xdist"
version = "2.5.0"
description = "pytest xdist plugin for distributed testing and loop-on-failing modes"
optional = false
python-versions = ">=3.6"
files = [
    {file = "pytest-xdist-2.5.0.tar.gz", hash = "sha256:4580deca3ff04ddb2ac53eba39d76cb5dd5edeac050cb6fbc768b0dd712b4edf"},
    {file = "pytest_xdist-2.5.0-py3-none-any.whl", hash = "sha256:6fe5c74fec98906deb8f2d2b616b5c782022744978e7bd4695d39c8f42d0ce65"},
]

[package.dependencies]
execnet = ">=1.1"
pytest = ">=6.2.0"
pytest-forked = "*"

[package.extras]
psutil = ["psutil (>=3.0)"]
setproctitle = ["setproctitle"]
testing = ["filelock"]

[[package]]
name = "regex"
version = "2023.10.3"
description = "Alternative regular expression module, to replace re."
optional = false
python-versions = ">=3.7"
files = [
    {file = "regex-2023.10.3-cp310-cp310-macosx_10_9_x86_64.whl", hash = "sha256:4c34d4f73ea738223a094d8e0ffd6d2c1a1b4c175da34d6b0de3d8d69bee6bcc"},
    {file = "regex-2023.10.3-cp310-cp310-macosx_11_0_arm64.whl", hash = "sha256:a8f4e49fc3ce020f65411432183e6775f24e02dff617281094ba6ab079ef0915"},
    {file = "regex-2023.10.3-cp310-cp310-manylinux_2_17_aarch64.manylinux2014_aarch64.whl", hash = "sha256:4cd1bccf99d3ef1ab6ba835308ad85be040e6a11b0977ef7ea8c8005f01a3c29"},
    {file = "regex-2023.10.3-cp310-cp310-manylinux_2_17_ppc64le.manylinux2014_ppc64le.whl", hash = "sha256:81dce2ddc9f6e8f543d94b05d56e70d03a0774d32f6cca53e978dc01e4fc75b8"},
    {file = "regex-2023.10.3-cp310-cp310-manylinux_2_17_s390x.manylinux2014_s390x.whl", hash = "sha256:9c6b4d23c04831e3ab61717a707a5d763b300213db49ca680edf8bf13ab5d91b"},
    {file = "regex-2023.10.3-cp310-cp310-manylinux_2_17_x86_64.manylinux2014_x86_64.whl", hash = "sha256:c15ad0aee158a15e17e0495e1e18741573d04eb6da06d8b84af726cfc1ed02ee"},
    {file = "regex-2023.10.3-cp310-cp310-manylinux_2_5_i686.manylinux1_i686.manylinux_2_17_i686.manylinux2014_i686.whl", hash = "sha256:6239d4e2e0b52c8bd38c51b760cd870069f0bdf99700a62cd509d7a031749a55"},
    {file = "regex-2023.10.3-cp310-cp310-manylinux_2_5_x86_64.manylinux1_x86_64.manylinux_2_12_x86_64.manylinux2010_x86_64.whl", hash = "sha256:4a8bf76e3182797c6b1afa5b822d1d5802ff30284abe4599e1247be4fd6b03be"},
    {file = "regex-2023.10.3-cp310-cp310-musllinux_1_1_aarch64.whl", hash = "sha256:d9c727bbcf0065cbb20f39d2b4f932f8fa1631c3e01fcedc979bd4f51fe051c5"},
    {file = "regex-2023.10.3-cp310-cp310-musllinux_1_1_i686.whl", hash = "sha256:3ccf2716add72f80714b9a63899b67fa711b654be3fcdd34fa391d2d274ce767"},
    {file = "regex-2023.10.3-cp310-cp310-musllinux_1_1_ppc64le.whl", hash = "sha256:107ac60d1bfdc3edb53be75e2a52aff7481b92817cfdddd9b4519ccf0e54a6ff"},
    {file = "regex-2023.10.3-cp310-cp310-musllinux_1_1_s390x.whl", hash = "sha256:00ba3c9818e33f1fa974693fb55d24cdc8ebafcb2e4207680669d8f8d7cca79a"},
    {file = "regex-2023.10.3-cp310-cp310-musllinux_1_1_x86_64.whl", hash = "sha256:f0a47efb1dbef13af9c9a54a94a0b814902e547b7f21acb29434504d18f36e3a"},
    {file = "regex-2023.10.3-cp310-cp310-win32.whl", hash = "sha256:36362386b813fa6c9146da6149a001b7bd063dabc4d49522a1f7aa65b725c7ec"},
    {file = "regex-2023.10.3-cp310-cp310-win_amd64.whl", hash = "sha256:c65a3b5330b54103e7d21cac3f6bf3900d46f6d50138d73343d9e5b2900b2353"},
    {file = "regex-2023.10.3-cp311-cp311-macosx_10_9_x86_64.whl", hash = "sha256:90a79bce019c442604662d17bf69df99090e24cdc6ad95b18b6725c2988a490e"},
    {file = "regex-2023.10.3-cp311-cp311-macosx_11_0_arm64.whl", hash = "sha256:c7964c2183c3e6cce3f497e3a9f49d182e969f2dc3aeeadfa18945ff7bdd7051"},
    {file = "regex-2023.10.3-cp311-cp311-manylinux_2_17_aarch64.manylinux2014_aarch64.whl", hash = "sha256:4ef80829117a8061f974b2fda8ec799717242353bff55f8a29411794d635d964"},
    {file = "regex-2023.10.3-cp311-cp311-manylinux_2_17_ppc64le.manylinux2014_ppc64le.whl", hash = "sha256:5addc9d0209a9afca5fc070f93b726bf7003bd63a427f65ef797a931782e7edc"},
    {file = "regex-2023.10.3-cp311-cp311-manylinux_2_17_s390x.manylinux2014_s390x.whl", hash = "sha256:c148bec483cc4b421562b4bcedb8e28a3b84fcc8f0aa4418e10898f3c2c0eb9b"},
    {file = "regex-2023.10.3-cp311-cp311-manylinux_2_17_x86_64.manylinux2014_x86_64.whl", hash = "sha256:8d1f21af4c1539051049796a0f50aa342f9a27cde57318f2fc41ed50b0dbc4ac"},
    {file = "regex-2023.10.3-cp311-cp311-manylinux_2_5_i686.manylinux1_i686.manylinux_2_17_i686.manylinux2014_i686.whl", hash = "sha256:0b9ac09853b2a3e0d0082104036579809679e7715671cfbf89d83c1cb2a30f58"},
    {file = "regex-2023.10.3-cp311-cp311-musllinux_1_1_aarch64.whl", hash = "sha256:ebedc192abbc7fd13c5ee800e83a6df252bec691eb2c4bedc9f8b2e2903f5e2a"},
    {file = "regex-2023.10.3-cp311-cp311-musllinux_1_1_i686.whl", hash = "sha256:d8a993c0a0ffd5f2d3bda23d0cd75e7086736f8f8268de8a82fbc4bd0ac6791e"},
    {file = "regex-2023.10.3-cp311-cp311-musllinux_1_1_ppc64le.whl", hash = "sha256:be6b7b8d42d3090b6c80793524fa66c57ad7ee3fe9722b258aec6d0672543fd0"},
    {file = "regex-2023.10.3-cp311-cp311-musllinux_1_1_s390x.whl", hash = "sha256:4023e2efc35a30e66e938de5aef42b520c20e7eda7bb5fb12c35e5d09a4c43f6"},
    {file = "regex-2023.10.3-cp311-cp311-musllinux_1_1_x86_64.whl", hash = "sha256:0d47840dc05e0ba04fe2e26f15126de7c755496d5a8aae4a08bda4dd8d646c54"},
    {file = "regex-2023.10.3-cp311-cp311-win32.whl", hash = "sha256:9145f092b5d1977ec8c0ab46e7b3381b2fd069957b9862a43bd383e5c01d18c2"},
    {file = "regex-2023.10.3-cp311-cp311-win_amd64.whl", hash = "sha256:b6104f9a46bd8743e4f738afef69b153c4b8b592d35ae46db07fc28ae3d5fb7c"},
    {file = "regex-2023.10.3-cp312-cp312-macosx_10_9_x86_64.whl", hash = "sha256:bff507ae210371d4b1fe316d03433ac099f184d570a1a611e541923f78f05037"},
    {file = "regex-2023.10.3-cp312-cp312-macosx_11_0_arm64.whl", hash = "sha256:be5e22bbb67924dea15039c3282fa4cc6cdfbe0cbbd1c0515f9223186fc2ec5f"},
    {file = "regex-2023.10.3-cp312-cp312-manylinux_2_17_aarch64.manylinux2014_aarch64.whl", hash = "sha256:4a992f702c9be9c72fa46f01ca6e18d131906a7180950958f766c2aa294d4b41"},
    {file = "regex-2023.10.3-cp312-cp312-manylinux_2_17_ppc64le.manylinux2014_ppc64le.whl", hash = "sha256:7434a61b158be563c1362d9071358f8ab91b8d928728cd2882af060481244c9e"},
    {file = "regex-2023.10.3-cp312-cp312-manylinux_2_17_s390x.manylinux2014_s390x.whl", hash = "sha256:c2169b2dcabf4e608416f7f9468737583ce5f0a6e8677c4efbf795ce81109d7c"},
    {file = "regex-2023.10.3-cp312-cp312-manylinux_2_17_x86_64.manylinux2014_x86_64.whl", hash = "sha256:a9e908ef5889cda4de038892b9accc36d33d72fb3e12c747e2799a0e806ec841"},
    {file = "regex-2023.10.3-cp312-cp312-manylinux_2_5_i686.manylinux1_i686.manylinux_2_17_i686.manylinux2014_i686.whl", hash = "sha256:12bd4bc2c632742c7ce20db48e0d99afdc05e03f0b4c1af90542e05b809a03d9"},
    {file = "regex-2023.10.3-cp312-cp312-musllinux_1_1_aarch64.whl", hash = "sha256:bc72c231f5449d86d6c7d9cc7cd819b6eb30134bb770b8cfdc0765e48ef9c420"},
    {file = "regex-2023.10.3-cp312-cp312-musllinux_1_1_i686.whl", hash = "sha256:bce8814b076f0ce5766dc87d5a056b0e9437b8e0cd351b9a6c4e1134a7dfbda9"},
    {file = "regex-2023.10.3-cp312-cp312-musllinux_1_1_ppc64le.whl", hash = "sha256:ba7cd6dc4d585ea544c1412019921570ebd8a597fabf475acc4528210d7c4a6f"},
    {file = "regex-2023.10.3-cp312-cp312-musllinux_1_1_s390x.whl", hash = "sha256:b0c7d2f698e83f15228ba41c135501cfe7d5740181d5903e250e47f617eb4292"},
    {file = "regex-2023.10.3-cp312-cp312-musllinux_1_1_x86_64.whl", hash = "sha256:5a8f91c64f390ecee09ff793319f30a0f32492e99f5dc1c72bc361f23ccd0a9a"},
    {file = "regex-2023.10.3-cp312-cp312-win32.whl", hash = "sha256:ad08a69728ff3c79866d729b095872afe1e0557251da4abb2c5faff15a91d19a"},
    {file = "regex-2023.10.3-cp312-cp312-win_amd64.whl", hash = "sha256:39cdf8d141d6d44e8d5a12a8569d5a227f645c87df4f92179bd06e2e2705e76b"},
    {file = "regex-2023.10.3-cp37-cp37m-macosx_10_9_x86_64.whl", hash = "sha256:4a3ee019a9befe84fa3e917a2dd378807e423d013377a884c1970a3c2792d293"},
    {file = "regex-2023.10.3-cp37-cp37m-manylinux_2_17_aarch64.manylinux2014_aarch64.whl", hash = "sha256:76066d7ff61ba6bf3cb5efe2428fc82aac91802844c022d849a1f0f53820502d"},
    {file = "regex-2023.10.3-cp37-cp37m-manylinux_2_17_ppc64le.manylinux2014_ppc64le.whl", hash = "sha256:bfe50b61bab1b1ec260fa7cd91106fa9fece57e6beba05630afe27c71259c59b"},
    {file = "regex-2023.10.3-cp37-cp37m-manylinux_2_17_s390x.manylinux2014_s390x.whl", hash = "sha256:9fd88f373cb71e6b59b7fa597e47e518282455c2734fd4306a05ca219a1991b0"},
    {file = "regex-2023.10.3-cp37-cp37m-manylinux_2_17_x86_64.manylinux2014_x86_64.whl", hash = "sha256:b3ab05a182c7937fb374f7e946f04fb23a0c0699c0450e9fb02ef567412d2fa3"},
    {file = "regex-2023.10.3-cp37-cp37m-manylinux_2_5_i686.manylinux1_i686.manylinux_2_17_i686.manylinux2014_i686.whl", hash = "sha256:dac37cf08fcf2094159922edc7a2784cfcc5c70f8354469f79ed085f0328ebdf"},
    {file = "regex-2023.10.3-cp37-cp37m-manylinux_2_5_x86_64.manylinux1_x86_64.manylinux_2_12_x86_64.manylinux2010_x86_64.whl", hash = "sha256:e54ddd0bb8fb626aa1f9ba7b36629564544954fff9669b15da3610c22b9a0991"},
    {file = "regex-2023.10.3-cp37-cp37m-musllinux_1_1_aarch64.whl", hash = "sha256:3367007ad1951fde612bf65b0dffc8fd681a4ab98ac86957d16491400d661302"},
    {file = "regex-2023.10.3-cp37-cp37m-musllinux_1_1_i686.whl", hash = "sha256:16f8740eb6dbacc7113e3097b0a36065a02e37b47c936b551805d40340fb9971"},
    {file = "regex-2023.10.3-cp37-cp37m-musllinux_1_1_ppc64le.whl", hash = "sha256:f4f2ca6df64cbdd27f27b34f35adb640b5d2d77264228554e68deda54456eb11"},
    {file = "regex-2023.10.3-cp37-cp37m-musllinux_1_1_s390x.whl", hash = "sha256:39807cbcbe406efca2a233884e169d056c35aa7e9f343d4e78665246a332f597"},
    {file = "regex-2023.10.3-cp37-cp37m-musllinux_1_1_x86_64.whl", hash = "sha256:7eece6fbd3eae4a92d7c748ae825cbc1ee41a89bb1c3db05b5578ed3cfcfd7cb"},
    {file = "regex-2023.10.3-cp37-cp37m-win32.whl", hash = "sha256:ce615c92d90df8373d9e13acddd154152645c0dc060871abf6bd43809673d20a"},
    {file = "regex-2023.10.3-cp37-cp37m-win_amd64.whl", hash = "sha256:0f649fa32fe734c4abdfd4edbb8381c74abf5f34bc0b3271ce687b23729299ed"},
    {file = "regex-2023.10.3-cp38-cp38-macosx_10_9_x86_64.whl", hash = "sha256:9b98b7681a9437262947f41c7fac567c7e1f6eddd94b0483596d320092004533"},
    {file = "regex-2023.10.3-cp38-cp38-macosx_11_0_arm64.whl", hash = "sha256:91dc1d531f80c862441d7b66c4505cd6ea9d312f01fb2f4654f40c6fdf5cc37a"},
    {file = "regex-2023.10.3-cp38-cp38-manylinux_2_17_aarch64.manylinux2014_aarch64.whl", hash = "sha256:82fcc1f1cc3ff1ab8a57ba619b149b907072e750815c5ba63e7aa2e1163384a4"},
    {file = "regex-2023.10.3-cp38-cp38-manylinux_2_17_ppc64le.manylinux2014_ppc64le.whl", hash = "sha256:7979b834ec7a33aafae34a90aad9f914c41fd6eaa8474e66953f3f6f7cbd4368"},
    {file = "regex-2023.10.3-cp38-cp38-manylinux_2_17_s390x.manylinux2014_s390x.whl", hash = "sha256:ef71561f82a89af6cfcbee47f0fabfdb6e63788a9258e913955d89fdd96902ab"},
    {file = "regex-2023.10.3-cp38-cp38-manylinux_2_17_x86_64.manylinux2014_x86_64.whl", hash = "sha256:dd829712de97753367153ed84f2de752b86cd1f7a88b55a3a775eb52eafe8a94"},
    {file = "regex-2023.10.3-cp38-cp38-manylinux_2_5_i686.manylinux1_i686.manylinux_2_17_i686.manylinux2014_i686.whl", hash = "sha256:00e871d83a45eee2f8688d7e6849609c2ca2a04a6d48fba3dff4deef35d14f07"},
    {file = "regex-2023.10.3-cp38-cp38-manylinux_2_5_x86_64.manylinux1_x86_64.manylinux_2_12_x86_64.manylinux2010_x86_64.whl", hash = "sha256:706e7b739fdd17cb89e1fbf712d9dc21311fc2333f6d435eac2d4ee81985098c"},
    {file = "regex-2023.10.3-cp38-cp38-musllinux_1_1_aarch64.whl", hash = "sha256:cc3f1c053b73f20c7ad88b0d1d23be7e7b3901229ce89f5000a8399746a6e039"},
    {file = "regex-2023.10.3-cp38-cp38-musllinux_1_1_i686.whl", hash = "sha256:6f85739e80d13644b981a88f529d79c5bdf646b460ba190bffcaf6d57b2a9863"},
    {file = "regex-2023.10.3-cp38-cp38-musllinux_1_1_ppc64le.whl", hash = "sha256:741ba2f511cc9626b7561a440f87d658aabb3d6b744a86a3c025f866b4d19e7f"},
    {file = "regex-2023.10.3-cp38-cp38-musllinux_1_1_s390x.whl", hash = "sha256:e77c90ab5997e85901da85131fd36acd0ed2221368199b65f0d11bca44549711"},
    {file = "regex-2023.10.3-cp38-cp38-musllinux_1_1_x86_64.whl", hash = "sha256:979c24cbefaf2420c4e377ecd1f165ea08cc3d1fbb44bdc51bccbbf7c66a2cb4"},
    {file = "regex-2023.10.3-cp38-cp38-win32.whl", hash = "sha256:58837f9d221744d4c92d2cf7201c6acd19623b50c643b56992cbd2b745485d3d"},
    {file = "regex-2023.10.3-cp38-cp38-win_amd64.whl", hash = "sha256:c55853684fe08d4897c37dfc5faeff70607a5f1806c8be148f1695be4a63414b"},
    {file = "regex-2023.10.3-cp39-cp39-macosx_10_9_x86_64.whl", hash = "sha256:2c54e23836650bdf2c18222c87f6f840d4943944146ca479858404fedeb9f9af"},
    {file = "regex-2023.10.3-cp39-cp39-macosx_11_0_arm64.whl", hash = "sha256:69c0771ca5653c7d4b65203cbfc5e66db9375f1078689459fe196fe08b7b4930"},
    {file = "regex-2023.10.3-cp39-cp39-manylinux_2_17_aarch64.manylinux2014_aarch64.whl", hash = "sha256:6ac965a998e1388e6ff2e9781f499ad1eaa41e962a40d11c7823c9952c77123e"},
    {file = "regex-2023.10.3-cp39-cp39-manylinux_2_17_ppc64le.manylinux2014_ppc64le.whl", hash = "sha256:1c0e8fae5b27caa34177bdfa5a960c46ff2f78ee2d45c6db15ae3f64ecadde14"},
    {file = "regex-2023.10.3-cp39-cp39-manylinux_2_17_s390x.manylinux2014_s390x.whl", hash = "sha256:6c56c3d47da04f921b73ff9415fbaa939f684d47293f071aa9cbb13c94afc17d"},
    {file = "regex-2023.10.3-cp39-cp39-manylinux_2_17_x86_64.manylinux2014_x86_64.whl", hash = "sha256:7ef1e014eed78ab650bef9a6a9cbe50b052c0aebe553fb2881e0453717573f52"},
    {file = "regex-2023.10.3-cp39-cp39-manylinux_2_5_i686.manylinux1_i686.manylinux_2_17_i686.manylinux2014_i686.whl", hash = "sha256:d29338556a59423d9ff7b6eb0cb89ead2b0875e08fe522f3e068b955c3e7b59b"},
    {file = "regex-2023.10.3-cp39-cp39-manylinux_2_5_x86_64.manylinux1_x86_64.manylinux_2_12_x86_64.manylinux2010_x86_64.whl", hash = "sha256:9c6d0ced3c06d0f183b73d3c5920727268d2201aa0fe6d55c60d68c792ff3588"},
    {file = "regex-2023.10.3-cp39-cp39-musllinux_1_1_aarch64.whl", hash = "sha256:994645a46c6a740ee8ce8df7911d4aee458d9b1bc5639bc968226763d07f00fa"},
    {file = "regex-2023.10.3-cp39-cp39-musllinux_1_1_i686.whl", hash = "sha256:66e2fe786ef28da2b28e222c89502b2af984858091675044d93cb50e6f46d7af"},
    {file = "regex-2023.10.3-cp39-cp39-musllinux_1_1_ppc64le.whl", hash = "sha256:11175910f62b2b8c055f2b089e0fedd694fe2be3941b3e2633653bc51064c528"},
    {file = "regex-2023.10.3-cp39-cp39-musllinux_1_1_s390x.whl", hash = "sha256:06e9abc0e4c9ab4779c74ad99c3fc10d3967d03114449acc2c2762ad4472b8ca"},
    {file = "regex-2023.10.3-cp39-cp39-musllinux_1_1_x86_64.whl", hash = "sha256:fb02e4257376ae25c6dd95a5aec377f9b18c09be6ebdefa7ad209b9137b73d48"},
    {file = "regex-2023.10.3-cp39-cp39-win32.whl", hash = "sha256:3b2c3502603fab52d7619b882c25a6850b766ebd1b18de3df23b2f939360e1bd"},
    {file = "regex-2023.10.3-cp39-cp39-win_amd64.whl", hash = "sha256:adbccd17dcaff65704c856bd29951c58a1bd4b2b0f8ad6b826dbd543fe740988"},
    {file = "regex-2023.10.3.tar.gz", hash = "sha256:3fef4f844d2290ee0ba57addcec17eec9e3df73f10a2748485dfd6a3a188cc0f"},
]

[[package]]
name = "toml"
version = "0.10.2"
description = "Python Library for Tom's Obvious, Minimal Language"
optional = false
python-versions = ">=2.6, !=3.0.*, !=3.1.*, !=3.2.*"
files = [
    {file = "toml-0.10.2-py2.py3-none-any.whl", hash = "sha256:806143ae5bfb6a3c6e736a764057db0e6a0e05e338b5630894a5f779cabb4f9b"},
    {file = "toml-0.10.2.tar.gz", hash = "sha256:b3bda1d108d5dd99f4a20d24d9c348e91c4db7ab1b749200bded2f839ccbe68f"},
]

[[package]]
name = "typed-ast"
version = "1.4.3"
description = "a fork of Python 2 and 3 ast modules with type comment support"
optional = false
python-versions = "*"
files = [
    {file = "typed_ast-1.4.3-cp35-cp35m-manylinux1_i686.whl", hash = "sha256:2068531575a125b87a41802130fa7e29f26c09a2833fea68d9a40cf33902eba6"},
    {file = "typed_ast-1.4.3-cp35-cp35m-manylinux1_x86_64.whl", hash = "sha256:c907f561b1e83e93fad565bac5ba9c22d96a54e7ea0267c708bffe863cbe4075"},
    {file = "typed_ast-1.4.3-cp35-cp35m-manylinux2014_aarch64.whl", hash = "sha256:1b3ead4a96c9101bef08f9f7d1217c096f31667617b58de957f690c92378b528"},
    {file = "typed_ast-1.4.3-cp35-cp35m-win32.whl", hash = "sha256:dde816ca9dac1d9c01dd504ea5967821606f02e510438120091b84e852367428"},
    {file = "typed_ast-1.4.3-cp35-cp35m-win_amd64.whl", hash = "sha256:777a26c84bea6cd934422ac2e3b78863a37017618b6e5c08f92ef69853e765d3"},
    {file = "typed_ast-1.4.3-cp36-cp36m-macosx_10_9_x86_64.whl", hash = "sha256:f8afcf15cc511ada719a88e013cec87c11aff7b91f019295eb4530f96fe5ef2f"},
    {file = "typed_ast-1.4.3-cp36-cp36m-manylinux1_i686.whl", hash = "sha256:52b1eb8c83f178ab787f3a4283f68258525f8d70f778a2f6dd54d3b5e5fb4341"},
    {file = "typed_ast-1.4.3-cp36-cp36m-manylinux1_x86_64.whl", hash = "sha256:01ae5f73431d21eead5015997ab41afa53aa1fbe252f9da060be5dad2c730ace"},
    {file = "typed_ast-1.4.3-cp36-cp36m-manylinux2014_aarch64.whl", hash = "sha256:c190f0899e9f9f8b6b7863debfb739abcb21a5c054f911ca3596d12b8a4c4c7f"},
    {file = "typed_ast-1.4.3-cp36-cp36m-win32.whl", hash = "sha256:398e44cd480f4d2b7ee8d98385ca104e35c81525dd98c519acff1b79bdaac363"},
    {file = "typed_ast-1.4.3-cp36-cp36m-win_amd64.whl", hash = "sha256:bff6ad71c81b3bba8fa35f0f1921fb24ff4476235a6e94a26ada2e54370e6da7"},
    {file = "typed_ast-1.4.3-cp37-cp37m-macosx_10_9_x86_64.whl", hash = "sha256:0fb71b8c643187d7492c1f8352f2c15b4c4af3f6338f21681d3681b3dc31a266"},
    {file = "typed_ast-1.4.3-cp37-cp37m-manylinux1_i686.whl", hash = "sha256:760ad187b1041a154f0e4d0f6aae3e40fdb51d6de16e5c99aedadd9246450e9e"},
    {file = "typed_ast-1.4.3-cp37-cp37m-manylinux1_x86_64.whl", hash = "sha256:5feca99c17af94057417d744607b82dd0a664fd5e4ca98061480fd8b14b18d04"},
    {file = "typed_ast-1.4.3-cp37-cp37m-manylinux2014_aarch64.whl", hash = "sha256:95431a26309a21874005845c21118c83991c63ea800dd44843e42a916aec5899"},
    {file = "typed_ast-1.4.3-cp37-cp37m-win32.whl", hash = "sha256:aee0c1256be6c07bd3e1263ff920c325b59849dc95392a05f258bb9b259cf39c"},
    {file = "typed_ast-1.4.3-cp37-cp37m-win_amd64.whl", hash = "sha256:9ad2c92ec681e02baf81fdfa056fe0d818645efa9af1f1cd5fd6f1bd2bdfd805"},
    {file = "typed_ast-1.4.3-cp38-cp38-macosx_10_9_x86_64.whl", hash = "sha256:b36b4f3920103a25e1d5d024d155c504080959582b928e91cb608a65c3a49e1a"},
    {file = "typed_ast-1.4.3-cp38-cp38-manylinux1_i686.whl", hash = "sha256:067a74454df670dcaa4e59349a2e5c81e567d8d65458d480a5b3dfecec08c5ff"},
    {file = "typed_ast-1.4.3-cp38-cp38-manylinux1_x86_64.whl", hash = "sha256:7538e495704e2ccda9b234b82423a4038f324f3a10c43bc088a1636180f11a41"},
    {file = "typed_ast-1.4.3-cp38-cp38-manylinux2014_aarch64.whl", hash = "sha256:af3d4a73793725138d6b334d9d247ce7e5f084d96284ed23f22ee626a7b88e39"},
    {file = "typed_ast-1.4.3-cp38-cp38-win32.whl", hash = "sha256:f2362f3cb0f3172c42938946dbc5b7843c2a28aec307c49100c8b38764eb6927"},
    {file = "typed_ast-1.4.3-cp38-cp38-win_amd64.whl", hash = "sha256:dd4a21253f42b8d2b48410cb31fe501d32f8b9fbeb1f55063ad102fe9c425e40"},
    {file = "typed_ast-1.4.3-cp39-cp39-macosx_10_9_x86_64.whl", hash = "sha256:f328adcfebed9f11301eaedfa48e15bdece9b519fb27e6a8c01aa52a17ec31b3"},
    {file = "typed_ast-1.4.3-cp39-cp39-manylinux1_i686.whl", hash = "sha256:2c726c276d09fc5c414693a2de063f521052d9ea7c240ce553316f70656c84d4"},
    {file = "typed_ast-1.4.3-cp39-cp39-manylinux1_x86_64.whl", hash = "sha256:cae53c389825d3b46fb37538441f75d6aecc4174f615d048321b716df2757fb0"},
    {file = "typed_ast-1.4.3-cp39-cp39-manylinux2014_aarch64.whl", hash = "sha256:b9574c6f03f685070d859e75c7f9eeca02d6933273b5e69572e5ff9d5e3931c3"},
    {file = "typed_ast-1.4.3-cp39-cp39-win32.whl", hash = "sha256:209596a4ec71d990d71d5e0d312ac935d86930e6eecff6ccc7007fe54d703808"},
    {file = "typed_ast-1.4.3-cp39-cp39-win_amd64.whl", hash = "sha256:9c6d1a54552b5330bc657b7ef0eae25d00ba7ffe85d9ea8ae6540d2197a3788c"},
    {file = "typed_ast-1.4.3.tar.gz", hash = "sha256:fb1bbeac803adea29cedd70781399c99138358c26d05fcbd23c13016b7f5ec65"},
]

[[package]]
name = "typing-extensions"
version = "4.7.1"
description = "Backported and Experimental Type Hints for Python 3.7+"
optional = false
python-versions = ">=3.7"
files = [
    {file = "typing_extensions-4.7.1-py3-none-any.whl", hash = "sha256:440d5dd3af93b060174bf433bccd69b0babc3b15b1a8dca43789fd7f61514b36"},
    {file = "typing_extensions-4.7.1.tar.gz", hash = "sha256:b75ddc264f0ba5615db7ba217daeb99701ad295353c45f9e95963337ceeeffb2"},
]

[[package]]
name = "zipp"
version = "3.15.0"
description = "Backport of pathlib-compatible object wrapper for zip files"
optional = false
python-versions = ">=3.7"
files = [
    {file = "zipp-3.15.0-py3-none-any.whl", hash = "sha256:48904fc76a60e542af151aded95726c1a5c34ed43ab4134b597665c86d7ad556"},
    {file = "zipp-3.15.0.tar.gz", hash = "sha256:112929ad649da941c23de50f356a2b5570c954b65150642bccdd66bf194d224b"},
]

[package.extras]
docs = ["furo", "jaraco.packaging (>=9)", "jaraco.tidelift (>=1.4)", "rst.linker (>=1.9)", "sphinx (>=3.5)", "sphinx-lint"]
testing = ["big-O", "flake8 (<5)", "jaraco.functools", "jaraco.itertools", "more-itertools", "pytest (>=6)", "pytest-black (>=0.3.7)", "pytest-checkdocs (>=2.4)", "pytest-cov", "pytest-enabler (>=1.3)", "pytest-flake8", "pytest-mypy (>=0.9.1)"]

[metadata]
lock-version = "2.0"
python-versions = "^3.7"
content-hash = "e5014dd84fe278002230457419d967d1936f7f5b9ecb8d36ca1065001421e616"
